
Microsoft Visual Studio Solution File, Format Version 12.00
# Visual Studio 15
VisualStudioVersion = 15.0.27703.2035
MinimumVisualStudioVersion = 10.0.40219.1
Project("{8BC9CEB8-8B4A-11D0-8D11-00A0C91BC942}") = "ProjectSDL", "ProjectSDL.vcxproj", "{8216AB8E-F94A-40ED-9B70-3FCFD52B9BDA}"
EndProject
Global
	GlobalSection(SolutionConfigurationPlatforms) = preSolution
		Debug|x64 = Debug|x64
		Debug|x86 = Debug|x86
		Release|x64 = Release|x64
		Release|x86 = Release|x86
	EndGlobalSection
	GlobalSection(ProjectConfigurationPlatforms) = postSolution
		{8216AB8E-F94A-40ED-9B70-3FCFD52B9BDA}.Debug|x64.ActiveCfg = Debug|x64
		{8216AB8E-F94A-40ED-9B70-3FCFD52B9BDA}.Debug|x64.Build.0 = Debug|x64
		{8216AB8E-F94A-40ED-9B70-3FCFD52B9BDA}.Debug|x86.ActiveCfg = Debug|Win32
		{8216AB8E-F94A-40ED-9B70-3FCFD52B9BDA}.Debug|x86.Build.0 = Debug|Win32
		{8216AB8E-F94A-40ED-9B70-3FCFD52B9BDA}.Release|x64.ActiveCfg = Release|x64
		{8216AB8E-F94A-40ED-9B70-3FCFD52B9BDA}.Release|x64.Build.0 = Release|x64
		{8216AB8E-F94A-40ED-9B70-3FCFD52B9BDA}.Release|x86.ActiveCfg = Release|Win32
		{8216AB8E-F94A-40ED-9B70-3FCFD52B9BDA}.Release|x86.Build.0 = Release|Win32
	EndGlobalSection
	GlobalSection(SolutionProperties) = preSolution
		HideSolutionNode = FALSE
	EndGlobalSection
	GlobalSection(ExtensibilityGlobals) = postSolution
		SolutionGuid = {E869B21F-55D4-4816-A5B4-E64B97D4BA98}
	EndGlobalSection
EndGlobal
